
Microsoft Visual Studio Solution File, Format Version 12.00
# Visual Studio Version 17
VisualStudioVersion = 17.7.34202.233
MinimumVisualStudioVersion = 10.0.40219.1
Project("{9A19103F-16F7-4668-BE54-9A1E7A4F7556}") = "DemoCrudAdoNet", "DemoCrudAdoNet\DemoCrudAdoNet.csproj", "{58EDC7A1-6C6A-4A86-B594-7F5F3B39CB69}"
EndProject
Project("{2150E333-8FDC-42A3-9474-1A3956D46DE8}") = "Solution Items", "Solution Items", "{4DD7BA52-7842-40AC-B1E8-E66C1079D037}"
	ProjectSection(SolutionItems) = preProject
		.editorconfig = .editorconfig
	EndProjectSection
EndProject
Global
	GlobalSection(SolutionConfigurationPlatforms) = preSolution
		Debug|Any CPU = Debug|Any CPU
		Release|Any CPU = Release|Any CPU
	EndGlobalSection
	GlobalSection(ProjectConfigurationPlatforms) = postSolution
		{58EDC7A1-6C6A-4A86-B594-7F5F3B39CB69}.Debug|Any CPU.ActiveCfg = Debug|Any CPU
		{58EDC7A1-6C6A-4A86-B594-7F5F3B39CB69}.Debug|Any CPU.Build.0 = Debug|Any CPU
		{58EDC7A1-6C6A-4A86-B594-7F5F3B39CB69}.Release|Any CPU.ActiveCfg = Release|Any CPU
		{58EDC7A1-6C6A-4A86-B594-7F5F3B39CB69}.Release|Any CPU.Build.0 = Release|Any CPU
	EndGlobalSection
	GlobalSection(SolutionProperties) = preSolution
		HideSolutionNode = FALSE
	EndGlobalSection
	GlobalSection(ExtensibilityGlobals) = postSolution
		SolutionGuid = {0F6AEB9C-2AB1-4247-95E9-551DE29264FF}
	EndGlobalSection
EndGlobal
